<?xml version="1.0" encoding="utf-8"?>
<Project ToolsVersion="4.0" xmlns="http://schemas.microsoft.com/developer/msbuild/2003">
  <ItemGroup>
    <Filter Include="ソース ファイル">
      <UniqueIdentifier>{4FC737F1-C7A5-4376-A066-2A32D752A2FF}</UniqueIdentifier>
      <Extensions>cpp;c;cc;cxx;def;odl;idl;hpj;bat;asm;asmx</Extensions>
    </Filter>
    <Filter Include="リソース ファイル">
      <UniqueIdentifier>{67DA6AB6-F800-4c08-8B7A-83BB121AAD01}</UniqueIdentifier>
      <Extensions>rc;ico;cur;bmp;dlg;rc2;rct;bin;rgs;gif;jpg;jpeg;jpe;resx;tiff;tif;png;wav;mfcribbon-ms</Extensions>
    </Filter>
    <Filter Include="ソース ファイル\player">
      <UniqueIdentifier>{b1ea25ee-3ac7-4f20-b316-e6326c781d69}</UniqueIdentifier>
    </Filter>
    <Filter Include="ソース ファイル\math">
      <UniqueIdentifier>{458a27ed-b7a9-4708-9652-3abdc932f351}</UniqueIdentifier>
    </Filter>
    <Filter Include="ソース ファイル\effect">
      <UniqueIdentifier>{15c9fe6f-ea04-459b-971d-6f7b756739d2}</UniqueIdentifier>
    </Filter>
  </ItemGroup>
  <ItemGroup>
    <ClCompile Include="src\SS5Player.cpp">
      <Filter>ソース ファイル</Filter>
    </ClCompile>
    <ClCompile Include="src\player\CustomSprite.cpp">
      <Filter>ソース ファイル\player</Filter>
    </ClCompile>
    <ClCompile Include="src\player\Util.cpp">
      <Filter>ソース ファイル\player</Filter>
    </ClCompile>
    <ClCompile Include="src\player\AnimeCache.cpp">
      <Filter>ソース ファイル\player</Filter>
    </ClCompile>
    <ClCompile Include="src\player\CellCache.cpp">
      <Filter>ソース ファイル\player</Filter>
    </ClCompile>
    <ClCompile Include="src\player\EffectCache.cpp">
      <Filter>ソース ファイル\player</Filter>
    </ClCompile>
    <ClCompile Include="src\math\Vector2.cpp">
      <Filter>ソース ファイル\math</Filter>
    </ClCompile>
    <ClCompile Include="src\math\Vector3.cpp">
      <Filter>ソース ファイル\math</Filter>
    </ClCompile>
    <ClCompile Include="src\math\Matrix.cpp">
      <Filter>ソース ファイル\math</Filter>
    </ClCompile>
    <ClCompile Include="src\player\State.cpp">
      <Filter>ソース ファイル\player</Filter>
    </ClCompile>
    <ClCompile Include="src\SS5PlayerTypes.cpp">
      <Filter>ソース ファイル</Filter>
    </ClCompile>
    <ClCompile Include="src\player\UserData.cpp">
      <Filter>ソース ファイル\player</Filter>
    </ClCompile>
    <ClCompile Include="src\player\InstancePartStatus.cpp">
      <Filter>ソース ファイル\player</Filter>
    </ClCompile>
    <ClCompile Include="src\stdafx.cpp">
      <Filter>ソース ファイル</Filter>
    </ClCompile>
    <ClCompile Include="src\effect\SsEffectElement.cpp">
      <Filter>ソース ファイル\effect</Filter>
    </ClCompile>
    <ClCompile Include="src\effect\ssplayer_effect2.cpp">
      <Filter>ソース ファイル\effect</Filter>
    </ClCompile>
    <ClCompile Include="src\SS5Effect.cpp">
      <Filter>ソース ファイル</Filter>
    </ClCompile>
    <ClCompile Include="src\player\EffectPartStatus.cpp">
      <Filter>ソース ファイル\player</Filter>
    </ClCompile>
    <ClCompile Include="src\SS5ResourceManager.cpp">
      <Filter>ソース ファイル</Filter>
    </ClCompile>
  </ItemGroup>
  <ItemGroup>
    <ClInclude Include="src\SS5Player.h">
      <Filter>ソース ファイル</Filter>
    </ClInclude>
    <ClInclude Include="src\SS5PlayerData.h">
      <Filter>ソース ファイル</Filter>
    </ClInclude>
    <ClInclude Include="src\SS5PlayerTypes.h">
      <Filter>ソース ファイル</Filter>
    </ClInclude>
    <ClInclude Include="src\ssShader_frag.h">
      <Filter>ソース ファイル</Filter>
    </ClInclude>
    <ClInclude Include="src\player\ToPointer.h">
      <Filter>ソース ファイル\player</Filter>
    </ClInclude>
    <ClInclude Include="src\player\DataArrayReader.h">
      <Filter>ソース ファイル\player</Filter>
    </ClInclude>
    <ClInclude Include="src\player\CellCache.h">
      <Filter>ソース ファイル\player</Filter>
    </ClInclude>
    <ClInclude Include="src\player\AnimeCache.h">
      <Filter>ソース ファイル\player</Filter>
    </ClInclude>
    <ClInclude Include="src\player\ResourceSet.h">
      <Filter>ソース ファイル\player</Filter>
    </ClInclude>
    <ClInclude Include="src\player\CustomSprite.h">
      <Filter>ソース ファイル\player</Filter>
    </ClInclude>
    <ClInclude Include="src\player\State.h">
      <Filter>ソース ファイル\player</Filter>
    </ClInclude>
    <ClInclude Include="src\ResluteState.h">
      <Filter>ソース ファイル</Filter>
    </ClInclude>
    <ClInclude Include="src\player\UserData.h">
      <Filter>ソース ファイル\player</Filter>
    </ClInclude>
    <ClInclude Include="src\player\PlayerDef.h">
      <Filter>ソース ファイル\player</Filter>
    </ClInclude>
    <ClInclude Include="src\player\Util.h">
      <Filter>ソース ファイル\player</Filter>
    </ClInclude>
    <ClInclude Include="src\player\EffectCache.h">
      <Filter>ソース ファイル\player</Filter>
    </ClInclude>
    <ClInclude Include="src\math\SSRect.h">
      <Filter>ソース ファイル\math</Filter>
    </ClInclude>
    <ClInclude Include="src\math\Vector2.h">
      <Filter>ソース ファイル\math</Filter>
    </ClInclude>
    <ClInclude Include="src\math\Vector3.h">
      <Filter>ソース ファイル\math</Filter>
    </ClInclude>
    <ClInclude Include="src\math\Matrix.h">
      <Filter>ソース ファイル\math</Filter>
    </ClInclude>
    <ClInclude Include="src\player\InstancePartStatus.h">
      <Filter>ソース ファイル\player</Filter>
    </ClInclude>
    <ClInclude Include="src\SS5EventListener.h">
      <Filter>ソース ファイル</Filter>
    </ClInclude>
    <ClInclude Include="src\stdafx.h">
      <Filter>ソース ファイル</Filter>
    </ClInclude>
    <ClInclude Include="src\effect\SsEffectElement.h">
      <Filter>ソース ファイル\effect</Filter>
    </ClInclude>
    <ClInclude Include="src\effect\ssloader_ssee.h">
      <Filter>ソース ファイル\effect</Filter>
    </ClInclude>
    <ClInclude Include="src\effect\ssplayer_effect2.h">
      <Filter>ソース ファイル\effect</Filter>
    </ClInclude>
    <ClInclude Include="src\effect\sstypes.h">
      <Filter>ソース ファイル\effect</Filter>
    </ClInclude>
    <ClInclude Include="src\effect\xorshift32.h">
      <Filter>ソース ファイル\effect</Filter>
    </ClInclude>
    <ClInclude Include="src\SS5Effect.h">
      <Filter>ソース ファイル</Filter>
    </ClInclude>
    <ClInclude Include="src\player\PlayerSetting.h">
      <Filter>ソース ファイル\player</Filter>
    </ClInclude>
    <ClInclude Include="src\player\EffectPartStatus.h">
      <Filter>ソース ファイル\player</Filter>
    </ClInclude>
    <ClInclude Include="src\SS5ResourceManager.h">
      <Filter>ソース ファイル</Filter>
    </ClInclude>
  </ItemGroup>
</Project>