<?xml version="1.0" encoding="utf-8"?>
<Project ToolsVersion="4.0" xmlns="http://schemas.microsoft.com/developer/msbuild/2003">
  <ItemGroup>
    <Filter Include="ソース ファイル">
      <UniqueIdentifier>{4FC737F1-C7A5-4376-A066-2A32D752A2FF}</UniqueIdentifier>
      <Extensions>cpp;c;cc;cxx;def;odl;idl;hpj;bat;asm;asmx</Extensions>
    </Filter>
    <Filter Include="リソース ファイル">
      <UniqueIdentifier>{67DA6AB6-F800-4c08-8B7A-83BB121AAD01}</UniqueIdentifier>
      <Extensions>rc;ico;cur;bmp;dlg;rc2;rct;bin;rgs;gif;jpg;jpeg;jpe;resx;tiff;tif;png;wav;mfcribbon-ms</Extensions>
    </Filter>
    <Filter Include="ソース ファイル\common">
      <UniqueIdentifier>{70e136ea-56e8-4a48-b3bd-9db8719dc89d}</UniqueIdentifier>
    </Filter>
    <Filter Include="ソース ファイル\common\Loader">
      <UniqueIdentifier>{4c763891-6da8-4680-b235-d572c4cdd243}</UniqueIdentifier>
    </Filter>
    <Filter Include="ソース ファイル\common\Animator">
      <UniqueIdentifier>{e0df6a47-bb93-4f8b-b5a7-4e6ed4701079}</UniqueIdentifier>
    </Filter>
    <Filter Include="ソース ファイル\player">
      <UniqueIdentifier>{b1ea25ee-3ac7-4f20-b316-e6326c781d69}</UniqueIdentifier>
    </Filter>
    <Filter Include="ソース ファイル\math">
      <UniqueIdentifier>{458a27ed-b7a9-4708-9652-3abdc932f351}</UniqueIdentifier>
    </Filter>
  </ItemGroup>
  <ItemGroup>
    <ClCompile Include="src\SS5Player.cpp">
      <Filter>ソース ファイル</Filter>
    </ClCompile>
    <ClCompile Include="src\SS5PlayerPlatform.cpp">
      <Filter>ソース ファイル</Filter>
    </ClCompile>
    <ClCompile Include="src\common\Animator\ssplayer_effect.cpp">
      <Filter>ソース ファイル\common\Animator</Filter>
    </ClCompile>
    <ClCompile Include="src\common\Animator\ssplayer_effect2.cpp">
      <Filter>ソース ファイル\common\Animator</Filter>
    </ClCompile>
    <ClCompile Include="src\common\Animator\ssplayer_effectfunction.cpp">
      <Filter>ソース ファイル\common\Animator</Filter>
    </ClCompile>
    <ClCompile Include="src\common\Animator\ssplayer_matrix.cpp">
      <Filter>ソース ファイル\common\Animator</Filter>
    </ClCompile>
    <ClCompile Include="src\common\Animator\ssplayer_PartState.cpp">
      <Filter>ソース ファイル\common\Animator</Filter>
    </ClCompile>
    <ClCompile Include="src\ResourceManager.cpp">
      <Filter>ソース ファイル</Filter>
    </ClCompile>
    <ClCompile Include="src\player\CustomSprite.cpp">
      <Filter>ソース ファイル\player</Filter>
    </ClCompile>
    <ClCompile Include="src\player\Util.cpp">
      <Filter>ソース ファイル\player</Filter>
    </ClCompile>
    <ClCompile Include="src\player\AnimeCache.cpp">
      <Filter>ソース ファイル\player</Filter>
    </ClCompile>
    <ClCompile Include="src\player\CellCache.cpp">
      <Filter>ソース ファイル\player</Filter>
    </ClCompile>
    <ClCompile Include="src\player\EffectCache.cpp">
      <Filter>ソース ファイル\player</Filter>
    </ClCompile>
    <ClCompile Include="src\math\Vector2.cpp">
      <Filter>ソース ファイル\math</Filter>
    </ClCompile>
  </ItemGroup>
  <ItemGroup>
    <ClInclude Include="src\SS5Player.h">
      <Filter>ソース ファイル</Filter>
    </ClInclude>
    <ClInclude Include="src\SS5PlayerData.h">
      <Filter>ソース ファイル</Filter>
    </ClInclude>
    <ClInclude Include="src\SS5PlayerPlatform.h">
      <Filter>ソース ファイル</Filter>
    </ClInclude>
    <ClInclude Include="src\SS5PlayerTypes.h">
      <Filter>ソース ファイル</Filter>
    </ClInclude>
    <ClInclude Include="src\ssShader_frag.h">
      <Filter>ソース ファイル</Filter>
    </ClInclude>
    <ClInclude Include="src\common\Loader\SsEffectBehavior.h">
      <Filter>ソース ファイル\common\Loader</Filter>
    </ClInclude>
    <ClInclude Include="src\common\Loader\SsEffectElement.h">
      <Filter>ソース ファイル\common\Loader</Filter>
    </ClInclude>
    <ClInclude Include="src\common\Loader\ssloader.h">
      <Filter>ソース ファイル\common\Loader</Filter>
    </ClInclude>
    <ClInclude Include="src\common\Loader\ssloader_ssee.h">
      <Filter>ソース ファイル\common\Loader</Filter>
    </ClInclude>
    <ClInclude Include="src\common\Loader\sstypes.h">
      <Filter>ソース ファイル\common\Loader</Filter>
    </ClInclude>
    <ClInclude Include="src\common\Animator\MersenneTwister.h">
      <Filter>ソース ファイル\common\Animator</Filter>
    </ClInclude>
    <ClInclude Include="src\common\Animator\ssplayer_cellmap.h">
      <Filter>ソース ファイル\common\Animator</Filter>
    </ClInclude>
    <ClInclude Include="src\common\Animator\ssplayer_effect.h">
      <Filter>ソース ファイル\common\Animator</Filter>
    </ClInclude>
    <ClInclude Include="src\common\Animator\ssplayer_effect2.h">
      <Filter>ソース ファイル\common\Animator</Filter>
    </ClInclude>
    <ClInclude Include="src\common\Animator\ssplayer_effectfunction.h">
      <Filter>ソース ファイル\common\Animator</Filter>
    </ClInclude>
    <ClInclude Include="src\common\Animator\ssplayer_macro.h">
      <Filter>ソース ファイル\common\Animator</Filter>
    </ClInclude>
    <ClInclude Include="src\common\Animator\ssplayer_matrix.h">
      <Filter>ソース ファイル\common\Animator</Filter>
    </ClInclude>
    <ClInclude Include="src\common\Animator\ssplayer_PartState.h">
      <Filter>ソース ファイル\common\Animator</Filter>
    </ClInclude>
    <ClInclude Include="src\common\Animator\xorshift32.h">
      <Filter>ソース ファイル\common\Animator</Filter>
    </ClInclude>
    <ClInclude Include="src\player\ToPointer.h">
      <Filter>ソース ファイル\player</Filter>
    </ClInclude>
    <ClInclude Include="src\player\DataArrayReader.h">
      <Filter>ソース ファイル\player</Filter>
    </ClInclude>
    <ClInclude Include="src\player\CellCache.h">
      <Filter>ソース ファイル\player</Filter>
    </ClInclude>
    <ClInclude Include="src\player\AnimeCache.h">
      <Filter>ソース ファイル\player</Filter>
    </ClInclude>
    <ClInclude Include="src\player\ResourceSet.h">
      <Filter>ソース ファイル\player</Filter>
    </ClInclude>
    <ClInclude Include="src\ResourceManager.h">
      <Filter>ソース ファイル</Filter>
    </ClInclude>
    <ClInclude Include="src\player\CustomSprite.h">
      <Filter>ソース ファイル\player</Filter>
    </ClInclude>
    <ClInclude Include="src\player\State.h">
      <Filter>ソース ファイル\player</Filter>
    </ClInclude>
    <ClInclude Include="src\ResluteState.h">
      <Filter>ソース ファイル</Filter>
    </ClInclude>
    <ClInclude Include="src\player\UserData.h">
      <Filter>ソース ファイル\player</Filter>
    </ClInclude>
    <ClInclude Include="src\player\PlayerDef.h">
      <Filter>ソース ファイル\player</Filter>
    </ClInclude>
    <ClInclude Include="src\player\Util.h">
      <Filter>ソース ファイル\player</Filter>
    </ClInclude>
    <ClInclude Include="src\player\EffectCache.h">
      <Filter>ソース ファイル\player</Filter>
    </ClInclude>
    <ClInclude Include="src\math\SSRect.h">
      <Filter>ソース ファイル\math</Filter>
    </ClInclude>
    <ClInclude Include="src\math\Vector2.h">
      <Filter>ソース ファイル\math</Filter>
    </ClInclude>
  </ItemGroup>
</Project>